
Microsoft Visual Studio Solution File, Format Version 12.00
# Visual Studio Version 16
VisualStudioVersion = 16.0.35325.158
MinimumVisualStudioVersion = 10.0.40219.1
Project("{888888A0-9F3D-457C-B088-3A5042F75D52}") = "compressors", "compressors\compressors.pyproj", "{F90D57D6-A1B3-4B44-A81C-5CCBE6C231E6}"
EndProject
Global
	GlobalSection(SolutionConfigurationPlatforms) = preSolution
		Debug|Any CPU = Debug|Any CPU
		Release|Any CPU = Release|Any CPU
	EndGlobalSection
	GlobalSection(ProjectConfigurationPlatforms) = postSolution
		{F90D57D6-A1B3-4B44-A81C-5CCBE6C231E6}.Debug|Any CPU.ActiveCfg = Debug|Any CPU
		{F90D57D6-A1B3-4B44-A81C-5CCBE6C231E6}.Release|Any CPU.ActiveCfg = Release|Any CPU
	EndGlobalSection
	GlobalSection(SolutionProperties) = preSolution
		HideSolutionNode = FALSE
	EndGlobalSection
	GlobalSection(ExtensibilityGlobals) = postSolution
		SolutionGuid = {9F04E2F3-437E-4554-96A4-4E1623E253D7}
	EndGlobalSection
EndGlobal
